
Microsoft Visual Studio Solution File, Format Version 12.00
Project("{FAE04EC0-301F-11D3-BF4B-00C04F79EFBC}") = "Lab1", "Lab1\Lab1.csproj", "{B4414472-2A97-4810-8316-970A91AC7C86}"
EndProject
Global
	GlobalSection(SolutionConfigurationPlatforms) = preSolution
		Debug|Any CPU = Debug|Any CPU
		Release|Any CPU = Release|Any CPU
	EndGlobalSection
	GlobalSection(ProjectConfigurationPlatforms) = postSolution
		{B4414472-2A97-4810-8316-970A91AC7C86}.Debug|Any CPU.ActiveCfg = Debug|Any CPU
		{B4414472-2A97-4810-8316-970A91AC7C86}.Debug|Any CPU.Build.0 = Debug|Any CPU
		{B4414472-2A97-4810-8316-970A91AC7C86}.Release|Any CPU.ActiveCfg = Release|Any CPU
		{B4414472-2A97-4810-8316-970A91AC7C86}.Release|Any CPU.Build.0 = Release|Any CPU
	EndGlobalSection
EndGlobal
